// !$*UTF8*$!
{
	archiveVersion = 1;
	classes = {
	};
	objectVersion = 77;
	objects = {

/* Begin PBXContainerItemProxy section */
		55498CA5301A2BB2008128A1 /* PBXContainerItemProxy */ = {
			isa = PBXContainerItemProxy;
			containerPortal = 55498C8F301A2BAF008128A1 /* Project object */;
			proxyType = 1;
			remoteGlobalIDString = 55498C96301A2BAF008128A1;
			remoteInfo = TestRevolutSecondAttempt;
		};
		55498CAF301A2BB2008128A1 /* PBXContainerItemProxy */ = {
			isa = PBXContainerItemProxy;
			containerPortal = 55498C8F301A2BAF008128A1 /* Project object */;
			proxyType = 1;
			remoteGlobalIDString = 55498C96301A2BAF008128A1;
			remoteInfo = TestRevolutSecondAttempt;
		};
/* End PBXContainerItemProxy section */

/* Begin PBXFileReference section */
		55498C97301A2BAF008128A1 /* TestRevolutSecondAttempt.app */ = {isa = PBXFileReference; explicitFileType = wrapper.application; includeInIndex = 0; path = TestRevolutSecondAttempt.app; sourceTree = BUILT_PRODUCTS_DIR; };
		55498CA4301A2BB2008128A1 /* TestRevolutSecondAttemptTests.xctest */ = {isa = PBXFileReference; explicitFileType = wrapper.cfbundle; includeInIndex = 0; path = TestRevolutSecondAttemptTests.xctest; sourceTree = BUILT_PRODUCTS_DIR; };
		55498CAE301A2BB2008128A1 /* TestRevolutSecondAttemptUITests.xctest */ = {isa = PBXFileReference; explicitFileType = wrapper.cfbundle; includeInIndex = 0; path = TestRevolutSecondAttemptUITests.xctest; sourceTree = BUILT_PRODUCTS_DIR; };
/* End PBXFileReference section */

/* Begin PBXFileSystemSynchronizedRootGroup section */
		55498C99301A2BAF008128A1 /* TestRevolutSecondAttempt */ = {
			isa = PBXFileSystemSynchronizedRootGroup;
			path = TestRevolutSecondAttempt;
			sourceTree = "<group>";
		};
		55498CA7301A2BB2008128A1 /* TestRevolutSecondAttemptTests */ = {
			isa = PBXFileSystemSynchronizedRootGroup;
			path = TestRevolutSecondAttemptTests;
			sourceTree = "<group>";
		};
		55498CB1301A2BB2008128A1 /* TestRevolutSecondAttemptUITests */ = {
			isa = PBXFileSystemSynchronizedRootGroup;
			path = TestRevolutSecondAttemptUITests;
			sourceTree = "<group>";
		};
/* End PBXFileSystemSynchronizedRootGroup section */

/* Begin PBXFrameworksBuildPhase section */
		55498C94301A2BAF008128A1 /* Frameworks */ = {
			isa = PBXFrameworksBuildPhase;
			buildActionMask = 2147483647;
			files = (
			);
			runOnlyForDeploymentPostprocessing = 0;
		};
		55498CA1301A2BB2008128A1 /* Frameworks */ = {
			isa = PBXFrameworksBuildPhase;
			buildActionMask = 2147483647;
			files = (
			);
			runOnlyForDeploymentPostprocessing = 0;
		};
		55498CAB301A2BB2008128A1 /* Frameworks */ = {
			isa = PBXFrameworksBuildPhase;
			buildActionMask = 2147483647;
			files = (
			);
			runOnlyForDeploymentPostprocessing = 0;
		};
/* End PBXFrameworksBuildPhase section */

/* Begin PBXGroup section */
		55498C8E301A2BAF008128A1 = {
			isa = PBXGroup;
			children = (
				55498C99301A2BAF008128A1 /* TestRevolutSecondAttempt */,
				55498CA7301A2BB2008128A1 /* TestRevolutSecondAttemptTests */,
				55498CB1301A2BB2008128A1 /* TestRevolutSecondAttemptUITests */,
				55498C98301A2BAF008128A1 /* Products */,
			);
			sourceTree = "<group>";
		};
		55498C98301A2BAF008128A1 /* Products */ = {
			isa = PBXGroup;
			children = (
				55498C97301A2BAF008128A1 /* TestRevolutSecondAttempt.app */,
				55498CA4301A2BB2008128A1 /* TestRevolutSecondAttemptTests.xctest */,
				55498CAE301A2BB2008128A1 /* TestRevolutSecondAttemptUITests.xctest */,
			);
			name = Products;
			sourceTree = "<group>";
		};
/* End PBXGroup section */

/* Begin PBXNativeTarget section */
		55498C96301A2BAF008128A1 /* TestRevolutSecondAttempt */ = {
			isa = PBXNativeTarget;
			buildConfigurationList = 55498CB8301A2BB2008128A1 /* Build configuration list for PBXNativeTarget "TestRevolutSecondAttempt" */;
			buildPhases = (
				55498C93301A2BAF008128A1 /* Sources */,
				55498C94301A2BAF008128A1 /* Frameworks */,
				55498C95301A2BAF008128A1 /* Resources */,
			);
			buildRules = (
			);
			dependencies = (
			);
			fileSystemSynchronizedGroups = (
				55498C99301A2BAF008128A1 /* TestRevolutSecondAttempt */,
			);
			name = TestRevolutSecondAttempt;
			packageProductDependencies = (
			);
			productName = TestRevolutSecondAttempt;
			productReference = 55498C97301A2BAF008128A1 /* TestRevolutSecondAttempt.app */;
			productType = "com.apple.product-type.application";
		};
		55498CA3301A2BB2008128A1 /* TestRevolutSecondAttemptTests */ = {
			isa = PBXNativeTarget;
			buildConfigurationList = 55498CBB301A2BB2008128A1 /* Build configuration list for PBXNativeTarget "TestRevolutSecondAttemptTests" */;
			buildPhases = (
				55498CA0301A2BB2008128A1 /* Sources */,
				55498CA1301A2BB2008128A1 /* Frameworks */,
				55498CA2301A2BB2008128A1 /* Resources */,
			);
			buildRules = (
			);
			dependencies = (
				55498CA6301A2BB2008128A1 /* PBXTargetDependency */,
			);
			fileSystemSynchronizedGroups = (
				55498CA7301A2BB2008128A1 /* TestRevolutSecondAttemptTests */,
			);
			name = TestRevolutSecondAttemptTests;
			packageProductDependencies = (
			);
			productName = TestRevolutSecondAttemptTests;
			productReference = 55498CA4301A2BB2008128A1 /* TestRevolutSecondAttemptTests.xctest */;
			productType = "com.apple.product-type.bundle.unit-test";
		};
		55498CAD301A2BB2008128A1 /* TestRevolutSecondAttemptUITests */ = {
			isa = PBXNativeTarget;
			buildConfigurationList = 55498CBE301A2BB2008128A1 /* Build configuration list for PBXNativeTarget "TestRevolutSecondAttemptUITests" */;
			buildPhases = (
				55498CAA301A2BB2008128A1 /* Sources */,
				55498CAB301A2BB2008128A1 /* Frameworks */,
				55498CAC301A2BB2008128A1 /* Resources */,
			);
			buildRules = (
			);
			dependencies = (
				55498CB0301A2BB2008128A1 /* PBXTargetDependency */,
			);
			fileSystemSynchronizedGroups = (
				55498CB1301A2BB2008128A1 /* TestRevolutSecondAttemptUITests */,
			);
			name = TestRevolutSecondAttemptUITests;
			packageProductDependencies = (
			);
			productName = TestRevolutSecondAttemptUITests;
			productReference = 55498CAE301A2BB2008128A1 /* TestRevolutSecondAttemptUITests.xctest */;
			productType = "com.apple.product-type.bundle.ui-testing";
		};
/* End PBXNativeTarget section */

/* Begin PBXProject section */
		55498C8F301A2BAF008128A1 /* Project object */ = {
			isa = PBXProject;
			attributes = {
				BuildIndependentTargetsInParallel = 1;
				LastSwiftUpdateCheck = 2650;
				LastUpgradeCheck = 2650;
				TargetAttributes = {
					55498C96301A2BAF008128A1 = {
						CreatedOnToolsVersion = 26.5;
					};
					55498CA3301A2BB2008128A1 = {
						CreatedOnToolsVersion = 26.5;
						TestTargetID = 55498C96301A2BAF008128A1;
					};
					55498CAD301A2BB2008128A1 = {
						CreatedOnToolsVersion = 26.5;
						TestTargetID = 55498C96301A2BAF008128A1;
					};
				};
			};
			buildConfigurationList = 55498C92301A2BAF008128A1 /* Build configuration list for PBXProject "TestRevolutSecondAttempt" */;
			developmentRegion = en;
			hasScannedForEncodings = 0;
			knownRegions = (
				en,
				Base,
			);
			mainGroup = 55498C8E301A2BAF008128A1;
			minimizedProjectReferenceProxies = 1;
			preferredProjectObjectVersion = 77;
			productRefGroup = 55498C98301A2BAF008128A1 /* Products */;
			projectDirPath = "";
			projectRoot = "";
			targets = (
				55498C96301A2BAF008128A1 /* TestRevolutSecondAttempt */,
				55498CA3301A2BB2008128A1 /* TestRevolutSecondAttemptTests */,
				55498CAD301A2BB2008128A1 /* TestRevolutSecondAttemptUITests */,
			);
		};
/* End PBXProject section */

/* Begin PBXResourcesBuildPhase section */
		55498C95301A2BAF008128A1 /* Resources */ = {
			isa = PBXResourcesBuildPhase;
			buildActionMask = 2147483647;
			files = (
			);
			runOnlyForDeploymentPostprocessing = 0;
		};
		55498CA2301A2BB2008128A1 /* Resources */ = {
			isa = PBXResourcesBuildPhase;
			buildActionMask = 2147483647;
			files = (
			);
			runOnlyForDeploymentPostprocessing = 0;
		};
		55498CAC301A2BB2008128A1 /* Resources */ = {
			isa = PBXResourcesBuildPhase;
			buildActionMask = 2147483647;
			files = (
			);
			runOnlyForDeploymentPostprocessing = 0;
		};
/* End PBXResourcesBuildPhase section */

/* Begin PBXSourcesBuildPhase section */
		55498C93301A2BAF008128A1 /* Sources */ = {
			isa = PBXSourcesBuildPhase;
			buildActionMask = 2147483647;
			files = (
			);
			runOnlyForDeploymentPostprocessing = 0;
		};
		55498CA0301A2BB2008128A1 /* Sources */ = {
			isa = PBXSourcesBuildPhase;
			buildActionMask = 2147483647;
			files = (
			);
			runOnlyForDeploymentPostprocessing = 0;
		};
		55498CAA301A2BB2008128A1 /* Sources */ = {
			isa = PBXSourcesBuildPhase;
			buildActionMask = 2147483647;
			files = (
			);
			runOnlyForDeploymentPostprocessing = 0;
		};
/* End PBXSourcesBuildPhase section */

/* Begin PBXTargetDependency section */
		55498CA6301A2BB2008128A1 /* PBXTargetDependency */ = {
			isa = PBXTargetDependency;
			target = 55498C96301A2BAF008128A1 /* TestRevolutSecondAttempt */;
			targetProxy = 55498CA5301A2BB2008128A1 /* PBXContainerItemProxy */;
		};
		55498CB0301A2BB2008128A1 /* PBXTargetDependency */ = {
			isa = PBXTargetDependency;
			target = 55498C96301A2BAF008128A1 /* TestRevolutSecondAttempt */;
			targetProxy = 55498CAF301A2BB2008128A1 /* PBXContainerItemProxy */;
		};
/* End PBXTargetDependency section */

/* Begin XCBuildConfiguration section */
		55498CB6301A2BB2008128A1 /* Debug */ = {
			isa = XCBuildConfiguration;
			buildSettings = {
				ALWAYS_SEARCH_USER_PATHS = NO;
				ASSETCATALOG_COMPILER_GENERATE_SWIFT_ASSET_SYMBOL_EXTENSIONS = YES;
				CLANG_ANALYZER_NONNULL = YES;
				CLANG_ANALYZER_NUMBER_OBJECT_CONVERSION = YES_AGGRESSIVE;
				CLANG_CXX_LANGUAGE_STANDARD = "gnu++20";
				CLANG_ENABLE_MODULES = YES;
				CLANG_ENABLE_OBJC_ARC = YES;
				CLANG_ENABLE_OBJC_WEAK = YES;
				CLANG_WARN_BLOCK_CAPTURE_AUTORELEASING = YES;
				CLANG_WARN_BOOL_CONVERSION = YES;
				CLANG_WARN_COMMA = YES;
				CLANG_WARN_CONSTANT_CONVERSION = YES;
				CLANG_WARN_DEPRECATED_OBJC_IMPLEMENTATIONS = YES;
				CLANG_WARN_DIRECT_OBJC_ISA_USAGE = YES_ERROR;
				CLANG_WARN_DOCUMENTATION_COMMENTS = YES;
				CLANG_WARN_EMPTY_BODY = YES;
				CLANG_WARN_ENUM_CONVERSION = YES;
				CLANG_WARN_INFINITE_RECURSION = YES;
				CLANG_WARN_INT_CONVERSION = YES;
				CLANG_WARN_NON_LITERAL_NULL_CONVERSION = YES;
				CLANG_WARN_OBJC_IMPLICIT_RETAIN_SELF = YES;
				CLANG_WARN_OBJC_LITERAL_CONVERSION = YES;
				CLANG_WARN_OBJC_ROOT_CLASS = YES_ERROR;
				CLANG_WARN_QUOTED_INCLUDE_IN_FRAMEWORK_HEADER = YES;
				CLANG_WARN_RANGE_LOOP_ANALYSIS = YES;
				CLANG_WARN_STRICT_PROTOTYPES = YES;
				CLANG_WARN_SUSPICIOUS_MOVE = YES;
				CLANG_WARN_UNGUARDED_AVAILABILITY = YES_AGGRESSIVE;
				CLANG_WARN_UNREACHABLE_CODE = YES;
				CLANG_WARN__DUPLICATE_METHOD_MATCH = YES;
				COPY_PHASE_STRIP = NO;
				DEBUG_INFORMATION_FORMAT = dwarf;
				DEVELOPMENT_TEAM = 49SWRDXJLL;
				ENABLE_STRICT_OBJC_MSGSEND = YES;
				ENABLE_TESTABILITY = YES;
				ENABLE_USER_SCRIPT_SANDBOXING = YES;
				GCC_C_LANGUAGE_STANDARD = gnu17;
				GCC_DYNAMIC_NO_PIC = NO;
				GCC_NO_COMMON_BLOCKS = YES;
				GCC_OPTIMIZATION_LEVEL = 0;
				GCC_PREPROCESSOR_DEFINITIONS = (
					"DEBUG=1",
					"$(inherited)",
				);
				GCC_WARN_64_TO_32_BIT_CONVERSION = YES;
				GCC_WARN_ABOUT_RETURN_TYPE = YES_ERROR;
				GCC_WARN_UNDECLARED_SELECTOR = YES;
				GCC_WARN_UNINITIALIZED_AUTOS = YES_AGGRESSIVE;
				GCC_WARN_UNUSED_FUNCTION = YES;
				GCC_WARN_UNUSED_VARIABLE = YES;
				IPHONEOS_DEPLOYMENT_TARGET = 26.5;
				LOCALIZATION_PREFERS_STRING_CATALOGS = YES;
				MTL_ENABLE_DEBUG_INFO = INCLUDE_SOURCE;
				MTL_FAST_MATH = YES;
				ONLY_ACTIVE_ARCH = YES;
				SDKROOT = iphoneos;
				SWIFT_ACTIVE_COMPILATION_CONDITIONS = "DEBUG $(inherited)";
				SWIFT_OPTIMIZATION_LEVEL = "-Onone";
			};
			name = Debug;
		};
		55498CB7301A2BB2008128A1 /* Release */ = {
			isa = XCBuildConfiguration;
			buildSettings = {
				ALWAYS_SEARCH_USER_PATHS = NO;
				ASSETCATALOG_COMPILER_GENERATE_SWIFT_ASSET_SYMBOL_EXTENSIONS = YES;
				CLANG_ANALYZER_NONNULL = YES;
				CLANG_ANALYZER_NUMBER_OBJECT_CONVERSION = YES_AGGRESSIVE;
				CLANG_CXX_LANGUAGE_STANDARD = "gnu++20";
				CLANG_ENABLE_MODULES = YES;
				CLANG_ENABLE_OBJC_ARC = YES;
				CLANG_ENABLE_OBJC_WEAK = YES;
				CLANG_WARN_BLOCK_CAPTURE_AUTORELEASING = YES;
				CLANG_WARN_BOOL_CONVERSION = YES;
				CLANG_WARN_COMMA = YES;
				CLANG_WARN_CONSTANT_CONVERSION = YES;
				CLANG_WARN_DEPRECATED_OBJC_IMPLEMENTATIONS = YES;
				CLANG_WARN_DIRECT_OBJC_ISA_USAGE = YES_ERROR;
				CLANG_WARN_DOCUMENTATION_COMMENTS = YES;
				CLANG_WARN_EMPTY_BODY = YES;
				CLANG_WARN_ENUM_CONVERSION = YES;
				CLANG_WARN_INFINITE_RECURSION = YES;
				CLANG_WARN_INT_CONVERSION = YES;
				CLANG_WARN_NON_LITERAL_NULL_CONVERSION = YES;
				CLANG_WARN_OBJC_IMPLICIT_RETAIN_SELF = YES;
				CLANG_WARN_OBJC_LITERAL_CONVERSION = YES;
				CLANG_WARN_OBJC_ROOT_CLASS = YES_ERROR;
				CLANG_WARN_QUOTED_INCLUDE_IN_FRAMEWORK_HEADER = YES;
				CLANG_WARN_RANGE_LOOP_ANALYSIS = YES;
				CLANG_WARN_STRICT_PROTOTYPES = YES;
				CLANG_WARN_SUSPICIOUS_MOVE = YES;
				CLANG_WARN_UNGUARDED_AVAILABILITY = YES_AGGRESSIVE;
				CLANG_WARN_UNREACHABLE_CODE = YES;
				CLANG_WARN__DUPLICATE_METHOD_MATCH = YES;
				COPY_PHASE_STRIP = NO;
				DEBUG_INFORMATION_FORMAT = "dwarf-with-dsym";
				DEVELOPMENT_TEAM = 49SWRDXJLL;
				ENABLE_NS_ASSERTIONS = NO;
				ENABLE_STRICT_OBJC_MSGSEND = YES;
				ENABLE_USER_SCRIPT_SANDBOXING = YES;
				GCC_C_LANGUAGE_STANDARD = gnu17;
				GCC_NO_COMMON_BLOCKS = YES;
				GCC_WARN_64_TO_32_BIT_CONVERSION = YES;
				GCC_WARN_ABOUT_RETURN_TYPE = YES_ERROR;
				GCC_WARN_UNDECLARED_SELECTOR = YES;
				GCC_WARN_UNINITIALIZED_AUTOS = YES_AGGRESSIVE;
				GCC_WARN_UNUSED_FUNCTION = YES;
				GCC_WARN_UNUSED_VARIABLE = YES;
				IPHONEOS_DEPLOYMENT_TARGET = 26.5;
				LOCALIZATION_PREFERS_STRING_CATALOGS = YES;
				MTL_ENABLE_DEBUG_INFO = NO;
				MTL_FAST_MATH = YES;
				SDKROOT = iphoneos;
				SWIFT_COMPILATION_MODE = wholemodule;
				VALIDATE_PRODUCT = YES;
			};
			name = Release;
		};
		55498CB9301A2BB2008128A1 /* Debug */ = {
			isa = XCBuildConfiguration;
			buildSettings = {
				ASSETCATALOG_COMPILER_APPICON_NAME = AppIcon;
				ASSETCATALOG_COMPILER_GLOBAL_ACCENT_COLOR_NAME = AccentColor;
				CODE_SIGN_STYLE = Automatic;
				CURRENT_PROJECT_VERSION = 1;
				DEVELOPMENT_TEAM = 49SWRDXJLL;
				ENABLE_PREVIEWS = YES;
				GENERATE_INFOPLIST_FILE = YES;
				INFOPLIST_KEY_UIApplicationSceneManifest_Generation = YES;
				INFOPLIST_KEY_UIApplicationSupportsIndirectInputEvents = YES;
				INFOPLIST_KEY_UILaunchScreen_Generation = YES;
				INFOPLIST_KEY_UISupportedInterfaceOrientations_iPad = "UIInterfaceOrientationPortrait UIInterfaceOrientationPortraitUpsideDown UIInterfaceOrientationLandscapeLeft UIInterfaceOrientationLandscapeRight";
				INFOPLIST_KEY_UISupportedInterfaceOrientations_iPhone = "UIInterfaceOrientationPortrait UIInterfaceOrientationLandscapeLeft UIInterfaceOrientationLandscapeRight";
				LD_RUNPATH_SEARCH_PATHS = (
					"$(inherited)",
					"@executable_path/Frameworks",
				);
				MARKETING_VERSION = 1.0;
				PRODUCT_BUNDLE_IDENTIFIER = com.andrew.zhegalik.TestRevolutSecondAttempt;
				PRODUCT_NAME = "$(TARGET_NAME)";
				STRING_CATALOG_GENERATE_SYMBOLS = YES;
				SWIFT_APPROACHABLE_CONCURRENCY = YES;
				SWIFT_DEFAULT_ACTOR_ISOLATION = MainActor;
				SWIFT_EMIT_LOC_STRINGS = YES;
				SWIFT_UPCOMING_FEATURE_MEMBER_IMPORT_VISIBILITY = YES;
				SWIFT_VERSION = 5.0;
				TARGETED_DEVICE_FAMILY = "1,2";
			};
			name = Debug;
		};
		55498CBA301A2BB2008128A1 /* Release */ = {
			isa = XCBuildConfiguration;
			buildSettings = {
				ASSETCATALOG_COMPILER_APPICON_NAME = AppIcon;
				ASSETCATALOG_COMPILER_GLOBAL_ACCENT_COLOR_NAME = AccentColor;
				CODE_SIGN_STYLE = Automatic;
				CURRENT_PROJECT_VERSION = 1;
				DEVELOPMENT_TEAM = 49SWRDXJLL;
				ENABLE_PREVIEWS = YES;
				GENERATE_INFOPLIST_FILE = YES;
				INFOPLIST_KEY_UIApplicationSceneManifest_Generation = YES;
				INFOPLIST_KEY_UIApplicationSupportsIndirectInputEvents = YES;
				INFOPLIST_KEY_UILaunchScreen_Generation = YES;
				INFOPLIST_KEY_UISupportedInterfaceOrientations_iPad = "UIInterfaceOrientationPortrait UIInterfaceOrientationPortraitUpsideDown UIInterfaceOrientationLandscapeLeft UIInterfaceOrientationLandscapeRight";
				INFOPLIST_KEY_UISupportedInterfaceOrientations_iPhone = "UIInterfaceOrientationPortrait UIInterfaceOrientationLandscapeLeft UIInterfaceOrientationLandscapeRight";
				LD_RUNPATH_SEARCH_PATHS = (
					"$(inherited)",
					"@executable_path/Frameworks",
				);
				MARKETING_VERSION = 1.0;
				PRODUCT_BUNDLE_IDENTIFIER = com.andrew.zhegalik.TestRevolutSecondAttempt;
				PRODUCT_NAME = "$(TARGET_NAME)";
				STRING_CATALOG_GENERATE_SYMBOLS = YES;
				SWIFT_APPROACHABLE_CONCURRENCY = YES;
				SWIFT_DEFAULT_ACTOR_ISOLATION = MainActor;
				SWIFT_EMIT_LOC_STRINGS = YES;
				SWIFT_UPCOMING_FEATURE_MEMBER_IMPORT_VISIBILITY = YES;
				SWIFT_VERSION = 5.0;
				TARGETED_DEVICE_FAMILY = "1,2";
			};
			name = Release;
		};
		55498CBC301A2BB2008128A1 /* Debug */ = {
			isa = XCBuildConfiguration;
			buildSettings = {
				BUNDLE_LOADER = "$(TEST_HOST)";
				CODE_SIGN_STYLE = Automatic;
				CURRENT_PROJECT_VERSION = 1;
				DEVELOPMENT_TEAM = 49SWRDXJLL;
				GENERATE_INFOPLIST_FILE = YES;
				IPHONEOS_DEPLOYMENT_TARGET = 26.5;
				MARKETING_VERSION = 1.0;
				PRODUCT_BUNDLE_IDENTIFIER = com.andrew.zhegalik.TestRevolutSecondAttemptTests;
				PRODUCT_NAME = "$(TARGET_NAME)";
				STRING_CATALOG_GENERATE_SYMBOLS = NO;
				SWIFT_APPROACHABLE_CONCURRENCY = YES;
				SWIFT_EMIT_LOC_STRINGS = NO;
				SWIFT_UPCOMING_FEATURE_MEMBER_IMPORT_VISIBILITY = YES;
				SWIFT_VERSION = 5.0;
				TARGETED_DEVICE_FAMILY = "1,2";
				TEST_HOST = "$(BUILT_PRODUCTS_DIR)/TestRevolutSecondAttempt.app/$(BUNDLE_EXECUTABLE_FOLDER_PATH)/TestRevolutSecondAttempt";
			};
			name = Debug;
		};
		55498CBD301A2BB2008128A1 /* Release */ = {
			isa = XCBuildConfiguration;
			buildSettings = {
				BUNDLE_LOADER = "$(TEST_HOST)";
				CODE_SIGN_STYLE = Automatic;
				CURRENT_PROJECT_VERSION = 1;
				DEVELOPMENT_TEAM = 49SWRDXJLL;
				GENERATE_INFOPLIST_FILE = YES;
				IPHONEOS_DEPLOYMENT_TARGET = 26.5;
				MARKETING_VERSION = 1.0;
				PRODUCT_BUNDLE_IDENTIFIER = com.andrew.zhegalik.TestRevolutSecondAttemptTests;
				PRODUCT_NAME = "$(TARGET_NAME)";
				STRING_CATALOG_GENERATE_SYMBOLS = NO;
				SWIFT_APPROACHABLE_CONCURRENCY = YES;
				SWIFT_EMIT_LOC_STRINGS = NO;
				SWIFT_UPCOMING_FEATURE_MEMBER_IMPORT_VISIBILITY = YES;
				SWIFT_VERSION = 5.0;
				TARGETED_DEVICE_FAMILY = "1,2";
				TEST_HOST = "$(BUILT_PRODUCTS_DIR)/TestRevolutSecondAttempt.app/$(BUNDLE_EXECUTABLE_FOLDER_PATH)/TestRevolutSecondAttempt";
			};
			name = Release;
		};
		55498CBF301A2BB2008128A1 /* Debug */ = {
			isa = XCBuildConfiguration;
			buildSettings = {
				CODE_SIGN_STYLE = Automatic;
				CURRENT_PROJECT_VERSION = 1;
				DEVELOPMENT_TEAM = 49SWRDXJLL;
				GENERATE_INFOPLIST_FILE = YES;
				MARKETING_VERSION = 1.0;
				PRODUCT_BUNDLE_IDENTIFIER = com.andrew.zhegalik.TestRevolutSecondAttemptUITests;
				PRODUCT_NAME = "$(TARGET_NAME)";
				STRING_CATALOG_GENERATE_SYMBOLS = NO;
				SWIFT_APPROACHABLE_CONCURRENCY = YES;
				SWIFT_EMIT_LOC_STRINGS = NO;
				SWIFT_UPCOMING_FEATURE_MEMBER_IMPORT_VISIBILITY = YES;
				SWIFT_VERSION = 5.0;
				TARGETED_DEVICE_FAMILY = "1,2";
				TEST_TARGET_NAME = TestRevolutSecondAttempt;
			};
			name = Debug;
		};
		55498CC0301A2BB2008128A1 /* Release */ = {
			isa = XCBuildConfiguration;
			buildSettings = {
				CODE_SIGN_STYLE = Automatic;
				CURRENT_PROJECT_VERSION = 1;
				DEVELOPMENT_TEAM = 49SWRDXJLL;
				GENERATE_INFOPLIST_FILE = YES;
				MARKETING_VERSION = 1.0;
				PRODUCT_BUNDLE_IDENTIFIER = com.andrew.zhegalik.TestRevolutSecondAttemptUITests;
				PRODUCT_NAME = "$(TARGET_NAME)";
				STRING_CATALOG_GENERATE_SYMBOLS = NO;
				SWIFT_APPROACHABLE_CONCURRENCY = YES;
				SWIFT_EMIT_LOC_STRINGS = NO;
				SWIFT_UPCOMING_FEATURE_MEMBER_IMPORT_VISIBILITY = YES;
				SWIFT_VERSION = 5.0;
				TARGETED_DEVICE_FAMILY = "1,2";
				TEST_TARGET_NAME = TestRevolutSecondAttempt;
			};
			name = Release;
		};
/* End XCBuildConfiguration section */

/* Begin XCConfigurationList section */
		55498C92301A2BAF008128A1 /* Build configuration list for PBXProject "TestRevolutSecondAttempt" */ = {
			isa = XCConfigurationList;
			buildConfigurations = (
				55498CB6301A2BB2008128A1 /* Debug */,
				55498CB7301A2BB2008128A1 /* Release */,
			);
			defaultConfigurationIsVisible = 0;
			defaultConfigurationName = Release;
		};
		55498CB8301A2BB2008128A1 /* Build configuration list for PBXNativeTarget "TestRevolutSecondAttempt" */ = {
			isa = XCConfigurationList;
			buildConfigurations = (
				55498CB9301A2BB2008128A1 /* Debug */,
				55498CBA301A2BB2008128A1 /* Release */,
			);
			defaultConfigurationIsVisible = 0;
			defaultConfigurationName = Release;
		};
		55498CBB301A2BB2008128A1 /* Build configuration list for PBXNativeTarget "TestRevolutSecondAttemptTests" */ = {
			isa = XCConfigurationList;
			buildConfigurations = (
				55498CBC301A2BB2008128A1 /* Debug */,
				55498CBD301A2BB2008128A1 /* Release */,
			);
			defaultConfigurationIsVisible = 0;
			defaultConfigurationName = Release;
		};
		55498CBE301A2BB2008128A1 /* Build configuration list for PBXNativeTarget "TestRevolutSecondAttemptUITests" */ = {
			isa = XCConfigurationList;
			buildConfigurations = (
				55498CBF301A2BB2008128A1 /* Debug */,
				55498CC0301A2BB2008128A1 /* Release */,
			);
			defaultConfigurationIsVisible = 0;
			defaultConfigurationName = Release;
		};
/* End XCConfigurationList section */
	};
	rootObject = 55498C8F301A2BAF008128A1 /* Project object */;
}
